
Microsoft Visual Studio Solution File, Format Version 12.00
# Visual Studio 2012
Project("{FAE04EC0-301F-11D3-BF4B-00C04F79EFBC}") = "BloodInfo_MngPlatform", "BloodInfo_MngPlatform\BloodInfo_MngPlatform.csproj", "{D64B518E-8612-4F77-AE76-5E9D8EB3A46C}"
EndProject
Project("{FAE04EC0-301F-11D3-BF4B-00C04F79EFBC}") = "AuthrzForDevDX", "AuthrzForDevDx\AuthrzForDevDX.csproj", "{4B85C325-C729-4361-BA4D-C8942C154C5D}"
EndProject
Project("{FAE04EC0-301F-11D3-BF4B-00C04F79EFBC}") = "UcPaging", "UcPaging\UcPaging.csproj", "{16C99B1A-2081-4914-BE37-24AB48E6279C}"
EndProject
Project("{FAE04EC0-301F-11D3-BF4B-00C04F79EFBC}") = "PetaPoco", "PetaPoco\PetaPoco.csproj", "{33699753-151D-4100-8F12-9AE1AEB5C5BD}"
EndProject
Project("{FAE04EC0-301F-11D3-BF4B-00C04F79EFBC}") = "SerialPortComm", "SerialPortComm\SerialPortComm.csproj", "{6046A988-566A-4817-8D9F-AF3E1902BD48}"
EndProject
Project("{FAE04EC0-301F-11D3-BF4B-00C04F79EFBC}") = "SocketAsyncServer", "SocketAsyncServer\SocketAsyncServer.csproj", "{5FFE844E-4674-4A69-9F18-2122C5C27BC8}"
EndProject
Project("{FAE04EC0-301F-11D3-BF4B-00C04F79EFBC}") = "CommonServiceLibrary", "CommonServiceLibrary\CommonServiceLibrary.csproj", "{15B3E0D2-6217-493A-A690-158C497F5318}"
EndProject
Project("{FAE04EC0-301F-11D3-BF4B-00C04F79EFBC}") = "WcfClient", "WcfClient\WcfClient.csproj", "{DB8DF1CA-ABF7-4FFD-AA73-4EF6FC5C47B3}"
	ProjectSection(ProjectDependencies) = postProject
		{15B3E0D2-6217-493A-A690-158C497F5318} = {15B3E0D2-6217-493A-A690-158C497F5318}
	EndProjectSection
EndProject
Project("{FAE04EC0-301F-11D3-BF4B-00C04F79EFBC}") = "WcfServiceHost", "WcfServiceHost\WcfServiceHost.csproj", "{766B88A1-727E-418F-964D-01E9E8FCC6EF}"
EndProject
Global
	GlobalSection(SolutionConfigurationPlatforms) = preSolution
		Debug|Any CPU = Debug|Any CPU
		Release|Any CPU = Release|Any CPU
	EndGlobalSection
	GlobalSection(ProjectConfigurationPlatforms) = postSolution
		{D64B518E-8612-4F77-AE76-5E9D8EB3A46C}.Debug|Any CPU.ActiveCfg = Debug|Any CPU
		{D64B518E-8612-4F77-AE76-5E9D8EB3A46C}.Debug|Any CPU.Build.0 = Debug|Any CPU
		{D64B518E-8612-4F77-AE76-5E9D8EB3A46C}.Release|Any CPU.ActiveCfg = Release|Any CPU
		{D64B518E-8612-4F77-AE76-5E9D8EB3A46C}.Release|Any CPU.Build.0 = Release|Any CPU
		{4B85C325-C729-4361-BA4D-C8942C154C5D}.Debug|Any CPU.ActiveCfg = Debug|Any CPU
		{4B85C325-C729-4361-BA4D-C8942C154C5D}.Release|Any CPU.ActiveCfg = Release|Any CPU
		{4B85C325-C729-4361-BA4D-C8942C154C5D}.Release|Any CPU.Build.0 = Release|Any CPU
		{16C99B1A-2081-4914-BE37-24AB48E6279C}.Debug|Any CPU.ActiveCfg = Debug|Any CPU
		{16C99B1A-2081-4914-BE37-24AB48E6279C}.Release|Any CPU.ActiveCfg = Release|Any CPU
		{16C99B1A-2081-4914-BE37-24AB48E6279C}.Release|Any CPU.Build.0 = Release|Any CPU
		{33699753-151D-4100-8F12-9AE1AEB5C5BD}.Debug|Any CPU.ActiveCfg = Debug|Any CPU
		{33699753-151D-4100-8F12-9AE1AEB5C5BD}.Release|Any CPU.ActiveCfg = Release|Any CPU
		{33699753-151D-4100-8F12-9AE1AEB5C5BD}.Release|Any CPU.Build.0 = Release|Any CPU
		{6046A988-566A-4817-8D9F-AF3E1902BD48}.Debug|Any CPU.ActiveCfg = Debug|Any CPU
		{6046A988-566A-4817-8D9F-AF3E1902BD48}.Release|Any CPU.ActiveCfg = Release|Any CPU
		{6046A988-566A-4817-8D9F-AF3E1902BD48}.Release|Any CPU.Build.0 = Release|Any CPU
		{5FFE844E-4674-4A69-9F18-2122C5C27BC8}.Debug|Any CPU.ActiveCfg = Debug|Any CPU
		{5FFE844E-4674-4A69-9F18-2122C5C27BC8}.Release|Any CPU.ActiveCfg = Release|Any CPU
		{5FFE844E-4674-4A69-9F18-2122C5C27BC8}.Release|Any CPU.Build.0 = Release|Any CPU
		{15B3E0D2-6217-493A-A690-158C497F5318}.Debug|Any CPU.ActiveCfg = Debug|Any CPU
		{15B3E0D2-6217-493A-A690-158C497F5318}.Debug|Any CPU.Build.0 = Debug|Any CPU
		{15B3E0D2-6217-493A-A690-158C497F5318}.Release|Any CPU.ActiveCfg = Release|Any CPU
		{15B3E0D2-6217-493A-A690-158C497F5318}.Release|Any CPU.Build.0 = Release|Any CPU
		{DB8DF1CA-ABF7-4FFD-AA73-4EF6FC5C47B3}.Debug|Any CPU.ActiveCfg = Debug|Any CPU
		{DB8DF1CA-ABF7-4FFD-AA73-4EF6FC5C47B3}.Debug|Any CPU.Build.0 = Debug|Any CPU
		{DB8DF1CA-ABF7-4FFD-AA73-4EF6FC5C47B3}.Release|Any CPU.ActiveCfg = Release|Any CPU
		{DB8DF1CA-ABF7-4FFD-AA73-4EF6FC5C47B3}.Release|Any CPU.Build.0 = Release|Any CPU
		{766B88A1-727E-418F-964D-01E9E8FCC6EF}.Debug|Any CPU.ActiveCfg = Debug|Any CPU
		{766B88A1-727E-418F-964D-01E9E8FCC6EF}.Debug|Any CPU.Build.0 = Debug|Any CPU
		{766B88A1-727E-418F-964D-01E9E8FCC6EF}.Release|Any CPU.ActiveCfg = Release|Any CPU
		{766B88A1-727E-418F-964D-01E9E8FCC6EF}.Release|Any CPU.Build.0 = Release|Any CPU
	EndGlobalSection
	GlobalSection(SolutionProperties) = preSolution
		HideSolutionNode = FALSE
	EndGlobalSection
EndGlobal
